{
  "lockfileVersion": 1,
  "configVersion": 1,
  "workspaces": {
    "": {
      "name": "claude-collab",
      "dependencies": {
        "bun-pty": "^0.4.8",
        "node-pty": "^1.0.0",
      },
    },
  },
  "packages": {
    "bun-pty": ["bun-pty@0.4.8", "", {}, "sha512-rO70Mrbr13+jxHHHu2YBkk2pNqrJE5cJn29WE++PUr+GFA0hq/VgtQPZANJ8dJo6d7XImvBk37Innt8GM7O28w=="],

    "node-addon-api": ["node-addon-api@7.1.1", "", {}, "sha512-5m3bsyrjFWE1xf7nz7YXdN4udnVtXK6/Yfgn5qnahL6bCkf2yKt4k3nuTKAtT4r3IG8JNR2ncsIMdZuAzJjHQQ=="],

    "node-pty": ["node-pty@1.1.0", "", { "dependencies": { "node-addon-api": "^7.1.0" } }, "sha512-20JqtutY6JPXTUnL0ij1uad7Qe1baT46lyolh2sSENDd4sTzKZ4nmAFkeAARDKwmlLjPx6XKRlwRUxwjOy+lUg=="],
  }
}
